Microsoft Visual Studio Solution File, Format Version 12.00
# Visual Studio Version 16
VisualStudioVersion = 16.0.28711.60
MinimumVisualStudioVersion = 15.0.26124.0
Project("{2150E333-8FDC-42A3-9474-1A3956D46DE8}") = "src", "src", "{D83061F3-DDEC-4A71-B8AA-51511EB47202}"
EndProject
Project("{9A19103F-16F7-4668-BE54-9A1E7A4F7556}") = "PeNet.Asn1", "src\PeNet.Asn1\PeNet.Asn1.csproj", "{A16526D1-FD64-4BEE-94AD-9C999829A956}"
EndProject
Project("{2150E333-8FDC-42A3-9474-1A3956D46DE8}") = "test", "test", "{49B758DB-FEC5-4279-9994-3BEF61E4441D}"
EndProject
Project("{9A19103F-16F7-4668-BE54-9A1E7A4F7556}") = "PeNet.Asn1_Test", "test\PeNet.Asn1_Test\PeNet.Asn1_Test.csproj", "{C9FFEBD7-ADAD-49FD-8494-1EB092295DBB}"
EndProject
Project("{2150E333-8FDC-42A3-9474-1A3956D46DE8}") = "Solution Items", "Solution Items", "{A41B2C9F-A564-499D-8ED0-3428FB534C1B}"
	ProjectSection(SolutionItems) = preProject
		.gitignore = .gitignore
		build.cake = build.cake
		LICENCE = LICENCE
		README.md = README.md
	EndProjectSection
EndProject
Global
	GlobalSection(SolutionConfigurationPlatforms) = preSolution
		Debug|Any CPU = Debug|Any CPU
		Debug|x64 = Debug|x64
		Debug|x86 = Debug|x86
		Release|Any CPU = Release|Any CPU
		Release|x64 = Release|x64
		Release|x86 = Release|x86
	EndGlobalSection
	GlobalSection(ProjectConfigurationPlatforms) = postSolution
		{A16526D1-FD64-4BEE-94AD-9C999829A956}.Debug|Any CPU.ActiveCfg = Debug|Any CPU
		{A16526D1-FD64-4BEE-94AD-9C999829A956}.Debug|Any CPU.Build.0 = Debug|Any CPU
		{A16526D1-FD64-4BEE-94AD-9C999829A956}.Debug|x64.ActiveCfg = Debug|Any CPU
		{A16526D1-FD64-4BEE-94AD-9C999829A956}.Debug|x64.Build.0 = Debug|Any CPU
		{A16526D1-FD64-4BEE-94AD-9C999829A956}.Debug|x86.ActiveCfg = Debug|Any CPU
		{A16526D1-FD64-4BEE-94AD-9C999829A956}.Debug|x86.Build.0 = Debug|Any CPU
		{A16526D1-FD64-4BEE-94AD-9C999829A956}.Release|Any CPU.ActiveCfg = Release|Any CPU
		{A16526D1-FD64-4BEE-94AD-9C999829A956}.Release|Any CPU.Build.0 = Release|Any CPU
		{A16526D1-FD64-4BEE-94AD-9C999829A956}.Release|x64.ActiveCfg = Release|Any CPU
		{A16526D1-FD64-4BEE-94AD-9C999829A956}.Release|x64.Build.0 = Release|Any CPU
		{A16526D1-FD64-4BEE-94AD-9C999829A956}.Release|x86.ActiveCfg = Release|Any CPU
		{A16526D1-FD64-4BEE-94AD-9C999829A956}.Release|x86.Build.0 = Release|Any CPU
		{C9FFEBD7-ADAD-49FD-8494-1EB092295DBB}.Debug|Any CPU.ActiveCfg = Debug|Any CPU
		{C9FFEBD7-ADAD-49FD-8494-1EB092295DBB}.Debug|Any CPU.Build.0 = Debug|Any CPU
		{C9FFEBD7-ADAD-49FD-8494-1EB092295DBB}.Debug|x64.ActiveCfg = Debug|Any CPU
		{C9FFEBD7-ADAD-49FD-8494-1EB092295DBB}.Debug|x64.Build.0 = Debug|Any CPU
		{C9FFEBD7-ADAD-49FD-8494-1EB092295DBB}.Debug|x86.ActiveCfg = Debug|Any CPU
		{C9FFEBD7-ADAD-49FD-8494-1EB092295DBB}.Debug|x86.Build.0 = Debug|Any CPU
		{C9FFEBD7-ADAD-49FD-8494-1EB092295DBB}.Release|Any CPU.ActiveCfg = Release|Any CPU
		{C9FFEBD7-ADAD-49FD-8494-1EB092295DBB}.Release|Any CPU.Build.0 = Release|Any CPU
		{C9FFEBD7-ADAD-49FD-8494-1EB092295DBB}.Release|x64.ActiveCfg = Release|Any CPU
		{C9FFEBD7-ADAD-49FD-8494-1EB092295DBB}.Release|x64.Build.0 = Release|Any CPU
		{C9FFEBD7-ADAD-49FD-8494-1EB092295DBB}.Release|x86.ActiveCfg = Release|Any CPU
		{C9FFEBD7-ADAD-49FD-8494-1EB092295DBB}.Release|x86.Build.0 = Release|Any CPU
	EndGlobalSection
	GlobalSection(SolutionProperties) = preSolution
		HideSolutionNode = FALSE
	EndGlobalSection
	GlobalSection(NestedProjects) = preSolution
		{A16526D1-FD64-4BEE-94AD-9C999829A956} = {D83061F3-DDEC-4A71-B8AA-51511EB47202}
		{C9FFEBD7-ADAD-49FD-8494-1EB092295DBB} = {49B758DB-FEC5-4279-9994-3BEF61E4441D}
	EndGlobalSection
	GlobalSection(ExtensibilityGlobals) = postSolution
		SolutionGuid = {2EE9BBF2-9EC2-43DB-BBAF-D2C4069AC6A1}
	EndGlobalSection
EndGlobal
